# THIS IS AN AUTOGENERATED FILE. DO NOT EDIT THIS FILE DIRECTLY.
# yarn lockfile v1


"@types/node@^18.0.6":
  version "18.0.6"
  resolved "https://registry.yarnpkg.com/@types/node/-/node-18.0.6.tgz#0ba49ac517ad69abe7a1508bc9b3a5483df9d5d7"
  integrity sha512-/xUq6H2aQm261exT6iZTMifUySEt4GR5KX8eYyY+C4MSNPqSh9oNIP7tz2GLKTlFaiBbgZNxffoR3CVRG+cljw==

node-bin-setup@^1.0.0:
  version "1.1.0"
  resolved "https://registry.yarnpkg.com/node-bin-setup/-/node-bin-setup-1.1.0.tgz#9df94c41335a8f41958a639b2736f860582a209c"
  integrity sha512-pTeU6NgUrexiLNtd+AKwvg6cngHMvj5FZ5e2bbv2ogBSIc9yhkXSSaTScfSRZnwHIh5YFmYSYlemLWkiKD7rog==

node@^18.5.0:
  version "18.5.0"
  resolved "https://registry.yarnpkg.com/node/-/node-18.5.0.tgz#8a89fa3b0a801de4888155e7ce3b7d3c60dc15c4"
  integrity sha512-o0o7TfrD92IRQrwbvbExjl+i1ZXAyXdYS3vAMYn/1Oez6hKVnIp+bWxXBnh3USCpYK65zTW9VLAIBrCiyfhUuA==
  dependencies:
    node-bin-setup "^1.0.0"

typescript@^4.7.4:
  version "4.7.4"
  resolved "https://registry.yarnpkg.com/typescript/-/typescript-4.7.4.tgz#1a88596d1cf47d59507a1bcdfb5b9dfe4d488235"
  integrity sha512-C0WQT0gezHuw6AdY1M2jxUO83Rjf0HP7Sk1DtXj6j1EwkQNZrHAg2XPWlq62oqEhYvONq5pkC2Y9oPljWToLmQ==
